
Microsoft Visual Studio Solution File, Format Version 12.00
# Visual Studio Version 17
VisualStudioVersion = 17.3.32811.315
MinimumVisualStudioVersion = 10.0.40219.1
Project("{FAE04EC0-301F-11D3-BF4B-00C04F79EFBC}") = "Izjeme", "Izjeme\Izjeme.csproj", "{CE051D89-08FB-411F-A22E-2E4CC3BA6E45}"
EndProject
Global
	GlobalSection(SolutionConfigurationPlatforms) = preSolution
		Debug|Any CPU = Debug|Any CPU
		Release|Any CPU = Release|Any CPU
	EndGlobalSection
	GlobalSection(ProjectConfigurationPlatforms) = postSolution
		{CE051D89-08FB-411F-A22E-2E4CC3BA6E45}.Debug|Any CPU.ActiveCfg = Debug|Any CPU
		{CE051D89-08FB-411F-A22E-2E4CC3BA6E45}.Debug|Any CPU.Build.0 = Debug|Any CPU
		{CE051D89-08FB-411F-A22E-2E4CC3BA6E45}.Release|Any CPU.ActiveCfg = Release|Any CPU
		{CE051D89-08FB-411F-A22E-2E4CC3BA6E45}.Release|Any CPU.Build.0 = Release|Any CPU
	EndGlobalSection
	GlobalSection(SolutionProperties) = preSolution
		HideSolutionNode = FALSE
	EndGlobalSection
	GlobalSection(ExtensibilityGlobals) = postSolution
		SolutionGuid = {0173E813-F50D-405C-8B1C-1073345F4D10}
	EndGlobalSection
EndGlobal
