
Microsoft Visual Studio Solution File, Format Version 12.00
# Visual Studio Version 17
VisualStudioVersion = 17.11.35219.272
MinimumVisualStudioVersion = 10.0.40219.1
Project("{FAE04EC0-301F-11D3-BF4B-00C04F79EFBC}") = "NapadNezemljanov", "NapadNezemljanov\NapadNezemljanov.csproj", "{27433BD7-E8BE-4061-BEEF-82047CFDEB13}"
EndProject
Global
	GlobalSection(SolutionConfigurationPlatforms) = preSolution
		Debug|Any CPU = Debug|Any CPU
		Release|Any CPU = Release|Any CPU
	EndGlobalSection
	GlobalSection(ProjectConfigurationPlatforms) = postSolution
		{27433BD7-E8BE-4061-BEEF-82047CFDEB13}.Debug|Any CPU.ActiveCfg = Debug|Any CPU
		{27433BD7-E8BE-4061-BEEF-82047CFDEB13}.Debug|Any CPU.Build.0 = Debug|Any CPU
		{27433BD7-E8BE-4061-BEEF-82047CFDEB13}.Release|Any CPU.ActiveCfg = Release|Any CPU
		{27433BD7-E8BE-4061-BEEF-82047CFDEB13}.Release|Any CPU.Build.0 = Release|Any CPU
	EndGlobalSection
	GlobalSection(SolutionProperties) = preSolution
		HideSolutionNode = FALSE
	EndGlobalSection
	GlobalSection(ExtensibilityGlobals) = postSolution
		SolutionGuid = {BA14F88A-E08A-4359-8C29-B16C1F065943}
	EndGlobalSection
EndGlobal
