
Microsoft Visual Studio Solution File, Format Version 12.00
# Visual Studio Version 17
VisualStudioVersion = 17.3.32811.315
MinimumVisualStudioVersion = 10.0.40219.1
Project("{FAE04EC0-301F-11D3-BF4B-00C04F79EFBC}") = "Marsovci", "Marsovci\Marsovci.csproj", "{73E12797-AC4C-43D0-A961-04BCAE15434B}"
EndProject
Global
	GlobalSection(SolutionConfigurationPlatforms) = preSolution
		Debug|Any CPU = Debug|Any CPU
		Release|Any CPU = Release|Any CPU
	EndGlobalSection
	GlobalSection(ProjectConfigurationPlatforms) = postSolution
		{73E12797-AC4C-43D0-A961-04BCAE15434B}.Debug|Any CPU.ActiveCfg = Debug|Any CPU
		{73E12797-AC4C-43D0-A961-04BCAE15434B}.Debug|Any CPU.Build.0 = Debug|Any CPU
		{73E12797-AC4C-43D0-A961-04BCAE15434B}.Release|Any CPU.ActiveCfg = Release|Any CPU
		{73E12797-AC4C-43D0-A961-04BCAE15434B}.Release|Any CPU.Build.0 = Release|Any CPU
	EndGlobalSection
	GlobalSection(SolutionProperties) = preSolution
		HideSolutionNode = FALSE
	EndGlobalSection
	GlobalSection(ExtensibilityGlobals) = postSolution
		SolutionGuid = {755206A8-E6D3-447D-A4DC-CBA91296F152}
	EndGlobalSection
EndGlobal
